
Microsoft Visual Studio Solution File, Format Version 12.00
# Visual Studio Version 17
VisualStudioVersion = 17.9.34902.65
MinimumVisualStudioVersion = 10.0.40219.1
Project("{888888A0-9F3D-457C-B088-3A5042F75D52}") = "Visuality_and_Graphics", "Visuality_and_Graphics.pyproj", "{124570E0-FC33-43FD-9B41-A1569CB62C48}"
EndProject
Global
	GlobalSection(SolutionConfigurationPlatforms) = preSolution
		Debug|Any CPU = Debug|Any CPU
		Release|Any CPU = Release|Any CPU
	EndGlobalSection
	GlobalSection(ProjectConfigurationPlatforms) = postSolution
		{124570E0-FC33-43FD-9B41-A1569CB62C48}.Debug|Any CPU.ActiveCfg = Debug|Any CPU
		{124570E0-FC33-43FD-9B41-A1569CB62C48}.Release|Any CPU.ActiveCfg = Release|Any CPU
	EndGlobalSection
	GlobalSection(SolutionProperties) = preSolution
		HideSolutionNode = FALSE
	EndGlobalSection
	GlobalSection(ExtensibilityGlobals) = postSolution
		SolutionGuid = {662F9868-B4A9-480B-8CF9-B3BA44770574}
	EndGlobalSection
EndGlobal
