
Microsoft Visual Studio Solution File, Format Version 12.00
# Visual Studio Version 17
VisualStudioVersion = 17.9.34902.65
MinimumVisualStudioVersion = 10.0.40219.1
Project("{888888A0-9F3D-457C-B088-3A5042F75D52}") = "Excel_Application", "Excel_Application.pyproj", "{226F4C70-79C3-413C-9973-0614BC91FCFB}"
EndProject
Global
	GlobalSection(SolutionConfigurationPlatforms) = preSolution
		Debug|Any CPU = Debug|Any CPU
		Release|Any CPU = Release|Any CPU
	EndGlobalSection
	GlobalSection(ProjectConfigurationPlatforms) = postSolution
		{226F4C70-79C3-413C-9973-0614BC91FCFB}.Debug|Any CPU.ActiveCfg = Debug|Any CPU
		{226F4C70-79C3-413C-9973-0614BC91FCFB}.Release|Any CPU.ActiveCfg = Release|Any CPU
	EndGlobalSection
	GlobalSection(SolutionProperties) = preSolution
		HideSolutionNode = FALSE
	EndGlobalSection
	GlobalSection(ExtensibilityGlobals) = postSolution
		SolutionGuid = {5DC8DD5C-3BC7-4C17-81E7-E241A2FE595A}
	EndGlobalSection
EndGlobal
