
Microsoft Visual Studio Solution File, Format Version 12.00
# Visual Studio Version 17
VisualStudioVersion = 17.9.34902.65
MinimumVisualStudioVersion = 10.0.40219.1
Project("{888888A0-9F3D-457C-B088-3A5042F75D52}") = "Numpy_login", "Numpy_login.pyproj", "{55CDBD2F-3399-4727-80EB-EF1FABB38CCF}"
EndProject
Global
	GlobalSection(SolutionConfigurationPlatforms) = preSolution
		Debug|Any CPU = Debug|Any CPU
		Release|Any CPU = Release|Any CPU
	EndGlobalSection
	GlobalSection(ProjectConfigurationPlatforms) = postSolution
		{55CDBD2F-3399-4727-80EB-EF1FABB38CCF}.Debug|Any CPU.ActiveCfg = Debug|Any CPU
		{55CDBD2F-3399-4727-80EB-EF1FABB38CCF}.Release|Any CPU.ActiveCfg = Release|Any CPU
	EndGlobalSection
	GlobalSection(SolutionProperties) = preSolution
		HideSolutionNode = FALSE
	EndGlobalSection
	GlobalSection(ExtensibilityGlobals) = postSolution
		SolutionGuid = {13E2D189-76EE-481C-AFBD-D57C06AF2C7F}
	EndGlobalSection
EndGlobal
